
Microsoft Visual Studio Solution File, Format Version 12.00
# Visual Studio 2012
Project("{FAE04EC0-301F-11D3-BF4B-00C04F79EFBC}") = "DOTNETSAPIntegration.Data", "DOTNETSAPIntegration\DOTNETSAPIntegration.Data.csproj", "{44C79224-A696-4BE0-9633-E4CF2E66AEF9}"
EndProject
Project("{FAE04EC0-301F-11D3-BF4B-00C04F79EFBC}") = "DOTNETSAPIntegration.ConsoleOutput", "DOTNETSAPIntegration.Console\DOTNETSAPIntegration.ConsoleOutput.csproj", "{260AD184-C204-4D78-83BB-EA8E9DDC80F4}"
EndProject
Project("{FAE04EC0-301F-11D3-BF4B-00C04F79EFBC}") = "DOTNETSAPIntegration.BCS13", "DOTNETSAPIntegration.BCS13\DOTNETSAPIntegration.BCS13.csproj", "{F8B478FD-61C2-42CD-92EF-D567C0570C87}"
EndProject
Global
	GlobalSection(SolutionConfigurationPlatforms) = preSolution
		Debug|Any CPU = Debug|Any CPU
		Release|Any CPU = Release|Any CPU
	EndGlobalSection
	GlobalSection(ProjectConfigurationPlatforms) = postSolution
		{44C79224-A696-4BE0-9633-E4CF2E66AEF9}.Debug|Any CPU.ActiveCfg = Debug|Any CPU
		{44C79224-A696-4BE0-9633-E4CF2E66AEF9}.Debug|Any CPU.Build.0 = Debug|Any CPU
		{44C79224-A696-4BE0-9633-E4CF2E66AEF9}.Release|Any CPU.ActiveCfg = Release|Any CPU
		{44C79224-A696-4BE0-9633-E4CF2E66AEF9}.Release|Any CPU.Build.0 = Release|Any CPU
		{260AD184-C204-4D78-83BB-EA8E9DDC80F4}.Debug|Any CPU.ActiveCfg = Debug|Any CPU
		{260AD184-C204-4D78-83BB-EA8E9DDC80F4}.Debug|Any CPU.Build.0 = Debug|Any CPU
		{260AD184-C204-4D78-83BB-EA8E9DDC80F4}.Release|Any CPU.ActiveCfg = Release|Any CPU
		{260AD184-C204-4D78-83BB-EA8E9DDC80F4}.Release|Any CPU.Build.0 = Release|Any CPU
		{F8B478FD-61C2-42CD-92EF-D567C0570C87}.Debug|Any CPU.ActiveCfg = Debug|Any CPU
		{F8B478FD-61C2-42CD-92EF-D567C0570C87}.Debug|Any CPU.Build.0 = Debug|Any CPU
		{F8B478FD-61C2-42CD-92EF-D567C0570C87}.Debug|Any CPU.Deploy.0 = Debug|Any CPU
		{F8B478FD-61C2-42CD-92EF-D567C0570C87}.Release|Any CPU.ActiveCfg = Release|Any CPU
		{F8B478FD-61C2-42CD-92EF-D567C0570C87}.Release|Any CPU.Build.0 = Release|Any CPU
		{F8B478FD-61C2-42CD-92EF-D567C0570C87}.Release|Any CPU.Deploy.0 = Release|Any CPU
	EndGlobalSection
	GlobalSection(SolutionProperties) = preSolution
		HideSolutionNode = FALSE
	EndGlobalSection
EndGlobal
